
Microsoft Visual Studio Solution File, Format Version 12.00
# Visual Studio Version 17
VisualStudioVersion = 17.2.32602.215
MinimumVisualStudioVersion = 10.0.40219.1
Project("{FAE04EC0-301F-11D3-BF4B-00C04F79EFBC}") = "AsyncWebApplication1", "AsyncWebApplication1\AsyncWebApplication1.csproj", "{F1638DF4-E43D-482E-9242-902057C2606A}"
EndProject
Global
	GlobalSection(SolutionConfigurationPlatforms) = preSolution
		Debug|Any CPU = Debug|Any CPU
		Release|Any CPU = Release|Any CPU
	EndGlobalSection
	GlobalSection(ProjectConfigurationPlatforms) = postSolution
		{F1638DF4-E43D-482E-9242-902057C2606A}.Debug|Any CPU.ActiveCfg = Debug|Any CPU
		{F1638DF4-E43D-482E-9242-902057C2606A}.Debug|Any CPU.Build.0 = Debug|Any CPU
		{F1638DF4-E43D-482E-9242-902057C2606A}.Release|Any CPU.ActiveCfg = Release|Any CPU
		{F1638DF4-E43D-482E-9242-902057C2606A}.Release|Any CPU.Build.0 = Release|Any CPU
	EndGlobalSection
	GlobalSection(SolutionProperties) = preSolution
		HideSolutionNode = FALSE
	EndGlobalSection
	GlobalSection(ExtensibilityGlobals) = postSolution
		SolutionGuid = {7FF57C6B-C763-42AE-991C-296EA9C97B43}
	EndGlobalSection
EndGlobal
