
Microsoft Visual Studio Solution File, Format Version 12.00
# Visual Studio Version 17
VisualStudioVersion = 17.3.32825.248
MinimumVisualStudioVersion = 10.0.40219.1
Project("{FAE04EC0-301F-11D3-BF4B-00C04F79EFBC}") = "FinishHim!", "FinishHim!\FinishHim!.csproj", "{9B58B433-8B4F-4F44-96A1-FC8298AC6FC5}"
EndProject
Global
	GlobalSection(SolutionConfigurationPlatforms) = preSolution
		Debug|Any CPU = Debug|Any CPU
		Release|Any CPU = Release|Any CPU
	EndGlobalSection
	GlobalSection(ProjectConfigurationPlatforms) = postSolution
		{9B58B433-8B4F-4F44-96A1-FC8298AC6FC5}.Debug|Any CPU.ActiveCfg = Debug|Any CPU
		{9B58B433-8B4F-4F44-96A1-FC8298AC6FC5}.Debug|Any CPU.Build.0 = Debug|Any CPU
		{9B58B433-8B4F-4F44-96A1-FC8298AC6FC5}.Release|Any CPU.ActiveCfg = Release|Any CPU
		{9B58B433-8B4F-4F44-96A1-FC8298AC6FC5}.Release|Any CPU.Build.0 = Release|Any CPU
	EndGlobalSection
	GlobalSection(SolutionProperties) = preSolution
		HideSolutionNode = FALSE
	EndGlobalSection
	GlobalSection(ExtensibilityGlobals) = postSolution
		SolutionGuid = {D2374EED-B3EE-4FC2-8256-EBE178834CD1}
	EndGlobalSection
EndGlobal
