
Microsoft Visual Studio Solution File, Format Version 12.00
# Visual Studio Version 17
VisualStudioVersion = 17.2.32630.192
MinimumVisualStudioVersion = 10.0.40219.1
Project("{FAE04EC0-301F-11D3-BF4B-00C04F79EFBC}") = "HomeworkAsyncAndFileSystem", "HomeworkAsyncAndFileSystem\HomeworkAsyncAndFileSystem.csproj", "{29AD178F-BB2F-4CB3-9FC5-75407ED68ECD}"
EndProject
Global
	GlobalSection(SolutionConfigurationPlatforms) = preSolution
		Debug|Any CPU = Debug|Any CPU
		Release|Any CPU = Release|Any CPU
	EndGlobalSection
	GlobalSection(ProjectConfigurationPlatforms) = postSolution
		{29AD178F-BB2F-4CB3-9FC5-75407ED68ECD}.Debug|Any CPU.ActiveCfg = Debug|Any CPU
		{29AD178F-BB2F-4CB3-9FC5-75407ED68ECD}.Debug|Any CPU.Build.0 = Debug|Any CPU
		{29AD178F-BB2F-4CB3-9FC5-75407ED68ECD}.Release|Any CPU.ActiveCfg = Release|Any CPU
		{29AD178F-BB2F-4CB3-9FC5-75407ED68ECD}.Release|Any CPU.Build.0 = Release|Any CPU
	EndGlobalSection
	GlobalSection(SolutionProperties) = preSolution
		HideSolutionNode = FALSE
	EndGlobalSection
	GlobalSection(ExtensibilityGlobals) = postSolution
		SolutionGuid = {95D9FB48-4CEF-4585-AB96-D605114A05A7}
	EndGlobalSection
EndGlobal
